// !$*UTF8*$!
{
	archiveVersion = 1;
	classes = {
	};
	objectVersion = 50;
	objects = {

/* Begin PBXBuildFile section */
		A9A165EA24254BF100F9CDF5 /* AppDelegate.swift in Sources */ = {isa = PBXBuildFile; fileRef = A9A165E924254BF100F9CDF5 /* AppDelegate.swift */; };
		A9A165EC24254BF100F9CDF5 /* SceneDelegate.swift in Sources */ = {isa = PBXBuildFile; fileRef = A9A165EB24254BF100F9CDF5 /* SceneDelegate.swift */; };
		A9A165F124254BF100F9CDF5 /* Main.storyboard in Resources */ = {isa = PBXBuildFile; fileRef = A9A165EF24254BF100F9CDF5 /* Main.storyboard */; };
		A9A165F324254BF200F9CDF5 /* Assets.xcassets in Resources */ = {isa = PBXBuildFile; fileRef = A9A165F224254BF200F9CDF5 /* Assets.xcassets */; };
		A9A165F624254BF200F9CDF5 /* LaunchScreen.storyboard in Resources */ = {isa = PBXBuildFile; fileRef = A9A165F424254BF200F9CDF5 /* LaunchScreen.storyboard */; };
		A9A165FF2425509000F9CDF5 /* quotes.json in Resources */ = {isa = PBXBuildFile; fileRef = A9A165FD2425509000F9CDF5 /* quotes.json */; };
		A9A166002425509000F9CDF5 /* Savoye LET.ttc in Resources */ = {isa = PBXBuildFile; fileRef = A9A165FE2425509000F9CDF5 /* Savoye LET.ttc */; };
		A9BD429F2429069900D52028 /* QuotesViewController.swift in Sources */ = {isa = PBXBuildFile; fileRef = A9BD429E2429069900D52028 /* QuotesViewController.swift */; };
		A9BD42A1242906C400D52028 /* SettingsViewController.swift in Sources */ = {isa = PBXBuildFile; fileRef = A9BD42A0242906C400D52028 /* SettingsViewController.swift */; };
		A9BD42A52429114200D52028 /* Quote.swift in Sources */ = {isa = PBXBuildFile; fileRef = A9BD42A42429114200D52028 /* Quote.swift */; };
		A9BD42A82429117400D52028 /* QuotesManager.swift in Sources */ = {isa = PBXBuildFile; fileRef = A9BD42A72429117400D52028 /* QuotesManager.swift */; };
		A9BD42AA242911D300D52028 /* Configuration.swift in Sources */ = {isa = PBXBuildFile; fileRef = A9BD42A9242911D300D52028 /* Configuration.swift */; };
/* End PBXBuildFile section */

/* Begin PBXFileReference section */
		A9A165E624254BF100F9CDF5 /* Pensamentos.app */ = {isa = PBXFileReference; explicitFileType = wrapper.application; includeInIndex = 0; path = Pensamentos.app; sourceTree = BUILT_PRODUCTS_DIR; };
		A9A165E924254BF100F9CDF5 /* AppDelegate.swift */ = {isa = PBXFileReference; lastKnownFileType = sourcecode.swift; path = AppDelegate.swift; sourceTree = "<group>"; };
		A9A165EB24254BF100F9CDF5 /* SceneDelegate.swift */ = {isa = PBXFileReference; lastKnownFileType = sourcecode.swift; path = SceneDelegate.swift; sourceTree = "<group>"; };
		A9A165F024254BF100F9CDF5 /* Base */ = {isa = PBXFileReference; lastKnownFileType = file.storyboard; name = Base; path = Base.lproj/Main.storyboard; sourceTree = "<group>"; };
		A9A165F224254BF200F9CDF5 /* Assets.xcassets */ = {isa = PBXFileReference; lastKnownFileType = folder.assetcatalog; path = Assets.xcassets; sourceTree = "<group>"; };
		A9A165F524254BF200F9CDF5 /* Base */ = {isa = PBXFileReference; lastKnownFileType = file.storyboard; name = Base; path = Base.lproj/LaunchScreen.storyboard; sourceTree = "<group>"; };
		A9A165F724254BF200F9CDF5 /* Info.plist */ = {isa = PBXFileReference; lastKnownFileType = text.plist.xml; path = Info.plist; sourceTree = "<group>"; };
		A9A165FD2425509000F9CDF5 /* quotes.json */ = {isa = PBXFileReference; fileEncoding = 4; lastKnownFileType = text.json; path = quotes.json; sourceTree = "<group>"; };
		A9A165FE2425509000F9CDF5 /* Savoye LET.ttc */ = {isa = PBXFileReference; lastKnownFileType = file; path = "Savoye LET.ttc"; sourceTree = "<group>"; };
		A9BD429E2429069900D52028 /* QuotesViewController.swift */ = {isa = PBXFileReference; lastKnownFileType = sourcecode.swift; path = QuotesViewController.swift; sourceTree = "<group>"; };
		A9BD42A0242906C400D52028 /* SettingsViewController.swift */ = {isa = PBXFileReference; lastKnownFileType = sourcecode.swift; path = SettingsViewController.swift; sourceTree = "<group>"; };
		A9BD42A42429114200D52028 /* Quote.swift */ = {isa = PBXFileReference; lastKnownFileType = sourcecode.swift; path = Quote.swift; sourceTree = "<group>"; };
		A9BD42A72429117400D52028 /* QuotesManager.swift */ = {isa = PBXFileReference; lastKnownFileType = sourcecode.swift; path = QuotesManager.swift; sourceTree = "<group>"; };
		A9BD42A9242911D300D52028 /* Configuration.swift */ = {isa = PBXFileReference; lastKnownFileType = sourcecode.swift; path = Configuration.swift; sourceTree = "<group>"; };
/* End PBXFileReference section */

/* Begin PBXFrameworksBuildPhase section */
		A9A165E324254BF100F9CDF5 /* Frameworks */ = {
			isa = PBXFrameworksBuildPhase;
			buildActionMask = 2147483647;
			files = (
			);
			runOnlyForDeploymentPostprocessing = 0;
		};
/* End PBXFrameworksBuildPhase section */

/* Begin PBXGroup section */
		A9A165DD24254BF100F9CDF5 = {
			isa = PBXGroup;
			children = (
				A9A165E824254BF100F9CDF5 /* Pensamentos */,
				A9A165E724254BF100F9CDF5 /* Products */,
			);
			sourceTree = "<group>";
		};
		A9A165E724254BF100F9CDF5 /* Products */ = {
			isa = PBXGroup;
			children = (
				A9A165E624254BF100F9CDF5 /* Pensamentos.app */,
			);
			name = Products;
			sourceTree = "<group>";
		};
		A9A165E824254BF100F9CDF5 /* Pensamentos */ = {
			isa = PBXGroup;
			children = (
				A9A165E924254BF100F9CDF5 /* AppDelegate.swift */,
				A9A165EB24254BF100F9CDF5 /* SceneDelegate.swift */,
				A9A16601242550A400F9CDF5 /* Files */,
				A9BD42A62429114600D52028 /* Models */,
				A9BD42A32429070C00D52028 /* Views */,
				A9BD42A2242906F900D52028 /* Controllers */,
				A9A165F224254BF200F9CDF5 /* Assets.xcassets */,
				A9A165F724254BF200F9CDF5 /* Info.plist */,
			);
			path = Pensamentos;
			sourceTree = "<group>";
		};
		A9A16601242550A400F9CDF5 /* Files */ = {
			isa = PBXGroup;
			children = (
				A9A165FD2425509000F9CDF5 /* quotes.json */,
				A9A165FE2425509000F9CDF5 /* Savoye LET.ttc */,
			);
			path = Files;
			sourceTree = "<group>";
		};
		A9BD42A2242906F900D52028 /* Controllers */ = {
			isa = PBXGroup;
			children = (
				A9BD429E2429069900D52028 /* QuotesViewController.swift */,
				A9BD42A0242906C400D52028 /* SettingsViewController.swift */,
			);
			path = Controllers;
			sourceTree = "<group>";
		};
		A9BD42A32429070C00D52028 /* Views */ = {
			isa = PBXGroup;
			children = (
				A9A165EF24254BF100F9CDF5 /* Main.storyboard */,
				A9A165F424254BF200F9CDF5 /* LaunchScreen.storyboard */,
			);
			path = Views;
			sourceTree = "<group>";
		};
		A9BD42A62429114600D52028 /* Models */ = {
			isa = PBXGroup;
			children = (
				A9BD42A42429114200D52028 /* Quote.swift */,
				A9BD42A72429117400D52028 /* QuotesManager.swift */,
				A9BD42A9242911D300D52028 /* Configuration.swift */,
			);
			path = Models;
			sourceTree = "<group>";
		};
/* End PBXGroup section */

/* Begin PBXNativeTarget section */
		A9A165E524254BF100F9CDF5 /* Pensamentos */ = {
			isa = PBXNativeTarget;
			buildConfigurationList = A9A165FA24254BF200F9CDF5 /* Build configuration list for PBXNativeTarget "Pensamentos" */;
			buildPhases = (
				A9A165E224254BF100F9CDF5 /* Sources */,
				A9A165E324254BF100F9CDF5 /* Frameworks */,
				A9A165E424254BF100F9CDF5 /* Resources */,
			);
			buildRules = (
			);
			dependencies = (
			);
			name = Pensamentos;
			productName = Pensamentos;
			productReference = A9A165E624254BF100F9CDF5 /* Pensamentos.app */;
			productType = "com.apple.product-type.application";
		};
/* End PBXNativeTarget section */

/* Begin PBXProject section */
		A9A165DE24254BF100F9CDF5 /* Project object */ = {
			isa = PBXProject;
			attributes = {
				LastSwiftUpdateCheck = 1130;
				LastUpgradeCheck = 1130;
				ORGANIZATIONNAME = "Rafael Melo";
				TargetAttributes = {
					A9A165E524254BF100F9CDF5 = {
						CreatedOnToolsVersion = 11.3.1;
					};
				};
			};
			buildConfigurationList = A9A165E124254BF100F9CDF5 /* Build configuration list for PBXProject "Pensamentos" */;
			compatibilityVersion = "Xcode 9.3";
			developmentRegion = en;
			hasScannedForEncodings = 0;
			knownRegions = (
				en,
				Base,
			);
			mainGroup = A9A165DD24254BF100F9CDF5;
			productRefGroup = A9A165E724254BF100F9CDF5 /* Products */;
			projectDirPath = "";
			projectRoot = "";
			targets = (
				A9A165E524254BF100F9CDF5 /* Pensamentos */,
			);
		};
/* End PBXProject section */

/* Begin PBXResourcesBuildPhase section */
		A9A165E424254BF100F9CDF5 /* Resources */ = {
			isa = PBXResourcesBuildPhase;
			buildActionMask = 2147483647;
			files = (
				A9A165FF2425509000F9CDF5 /* quotes.json in Resources */,
				A9A165F624254BF200F9CDF5 /* LaunchScreen.storyboard in Resources */,
				A9A165F324254BF200F9CDF5 /* Assets.xcassets in Resources */,
				A9A166002425509000F9CDF5 /* Savoye LET.ttc in Resources */,
				A9A165F124254BF100F9CDF5 /* Main.storyboard in Resources */,
			);
			runOnlyForDeploymentPostprocessing = 0;
		};
/* End PBXResourcesBuildPhase section */

/* Begin PBXSourcesBuildPhase section */
		A9A165E224254BF100F9CDF5 /* Sources */ = {
			isa = PBXSourcesBuildPhase;
			buildActionMask = 2147483647;
			files = (
				A9BD429F2429069900D52028 /* QuotesViewController.swift in Sources */,
				A9A165EA24254BF100F9CDF5 /* AppDelegate.swift in Sources */,
				A9BD42AA242911D300D52028 /* Configuration.swift in Sources */,
				A9A165EC24254BF100F9CDF5 /* SceneDelegate.swift in Sources */,
				A9BD42A52429114200D52028 /* Quote.swift in Sources */,
				A9BD42A82429117400D52028 /* QuotesManager.swift in Sources */,
				A9BD42A1242906C400D52028 /* SettingsViewController.swift in Sources */,
			);
			runOnlyForDeploymentPostprocessing = 0;
		};
/* End PBXSourcesBuildPhase section */

/* Begin PBXVariantGroup section */
		A9A165EF24254BF100F9CDF5 /* Main.storyboard */ = {
			isa = PBXVariantGroup;
			children = (
				A9A165F024254BF100F9CDF5 /* Base */,
			);
			name = Main.storyboard;
			sourceTree = "<group>";
		};
		A9A165F424254BF200F9CDF5 /* LaunchScreen.storyboard */ = {
			isa = PBXVariantGroup;
			children = (
				A9A165F524254BF200F9CDF5 /* Base */,
			);
			name = LaunchScreen.storyboard;
			sourceTree = "<group>";
		};
/* End PBXVariantGroup section */

/* Begin XCBuildConfiguration section */
		A9A165F824254BF200F9CDF5 /* Debug */ = {
			isa = XCBuildConfiguration;
			buildSettings = {
				ALWAYS_SEARCH_USER_PATHS = NO;
				CLANG_ANALYZER_NONNULL = YES;
				CLANG_ANALYZER_NUMBER_OBJECT_CONVERSION = YES_AGGRESSIVE;
				CLANG_CXX_LANGUAGE_STANDARD = "gnu++14";
				CLANG_CXX_LIBRARY = "libc++";
				CLANG_ENABLE_MODULES = YES;
				CLANG_ENABLE_OBJC_ARC = YES;
				CLANG_ENABLE_OBJC_WEAK = YES;
				CLANG_WARN_BLOCK_CAPTURE_AUTORELEASING = YES;
				CLANG_WARN_BOOL_CONVERSION = YES;
				CLANG_WARN_COMMA = YES;
				CLANG_WARN_CONSTANT_CONVERSION = YES;
				CLANG_WARN_DEPRECATED_OBJC_IMPLEMENTATIONS = YES;
				CLANG_WARN_DIRECT_OBJC_ISA_USAGE = YES_ERROR;
				CLANG_WARN_DOCUMENTATION_COMMENTS = YES;
				CLANG_WARN_EMPTY_BODY = YES;
				CLANG_WARN_ENUM_CONVERSION = YES;
				CLANG_WARN_INFINITE_RECURSION = YES;
				CLANG_WARN_INT_CONVERSION = YES;
				CLANG_WARN_NON_LITERAL_NULL_CONVERSION = YES;
				CLANG_WARN_OBJC_IMPLICIT_RETAIN_SELF = YES;
				CLANG_WARN_OBJC_LITERAL_CONVERSION = YES;
				CLANG_WARN_OBJC_ROOT_CLASS = YES_ERROR;
				CLANG_WARN_RANGE_LOOP_ANALYSIS = YES;
				CLANG_WARN_STRICT_PROTOTYPES = YES;
				CLANG_WARN_SUSPICIOUS_MOVE = YES;
				CLANG_WARN_UNGUARDED_AVAILABILITY = YES_AGGRESSIVE;
				CLANG_WARN_UNREACHABLE_CODE = YES;
				CLANG_WARN__DUPLICATE_METHOD_MATCH = YES;
				COPY_PHASE_STRIP = NO;
				DEBUG_INFORMATION_FORMAT = dwarf;
				ENABLE_STRICT_OBJC_MSGSEND = YES;
				ENABLE_TESTABILITY = YES;
				GCC_C_LANGUAGE_STANDARD = gnu11;
				GCC_DYNAMIC_NO_PIC = NO;
				GCC_NO_COMMON_BLOCKS = YES;
				GCC_OPTIMIZATION_LEVEL = 0;
				GCC_PREPROCESSOR_DEFINITIONS = (
					"DEBUG=1",
					"$(inherited)",
				);
				GCC_WARN_64_TO_32_BIT_CONVERSION = YES;
				GCC_WARN_ABOUT_RETURN_TYPE = YES_ERROR;
				GCC_WARN_UNDECLARED_SELECTOR = YES;
				GCC_WARN_UNINITIALIZED_AUTOS = YES_AGGRESSIVE;
				GCC_WARN_UNUSED_FUNCTION = YES;
				GCC_WARN_UNUSED_VARIABLE = YES;
				IPHONEOS_DEPLOYMENT_TARGET = 13.2;
				MTL_ENABLE_DEBUG_INFO = INCLUDE_SOURCE;
				MTL_FAST_MATH = YES;
				ONLY_ACTIVE_ARCH = YES;
				SDKROOT = iphoneos;
				SWIFT_ACTIVE_COMPILATION_CONDITIONS = DEBUG;
				SWIFT_OPTIMIZATION_LEVEL = "-Onone";
			};
			name = Debug;
		};
		A9A165F924254BF200F9CDF5 /* Release */ = {
			isa = XCBuildConfiguration;
			buildSettings = {
				ALWAYS_SEARCH_USER_PATHS = NO;
				CLANG_ANALYZER_NONNULL = YES;
				CLANG_ANALYZER_NUMBER_OBJECT_CONVERSION = YES_AGGRESSIVE;
				CLANG_CXX_LANGUAGE_STANDARD = "gnu++14";
				CLANG_CXX_LIBRARY = "libc++";
				CLANG_ENABLE_MODULES = YES;
				CLANG_ENABLE_OBJC_ARC = YES;
				CLANG_ENABLE_OBJC_WEAK = YES;
				CLANG_WARN_BLOCK_CAPTURE_AUTORELEASING = YES;
				CLANG_WARN_BOOL_CONVERSION = YES;
				CLANG_WARN_COMMA = YES;
				CLANG_WARN_CONSTANT_CONVERSION = YES;
				CLANG_WARN_DEPRECATED_OBJC_IMPLEMENTATIONS = YES;
				CLANG_WARN_DIRECT_OBJC_ISA_USAGE = YES_ERROR;
				CLANG_WARN_DOCUMENTATION_COMMENTS = YES;
				CLANG_WARN_EMPTY_BODY = YES;
				CLANG_WARN_ENUM_CONVERSION = YES;
				CLANG_WARN_INFINITE_RECURSION = YES;
				CLANG_WARN_INT_CONVERSION = YES;
				CLANG_WARN_NON_LITERAL_NULL_CONVERSION = YES;
				CLANG_WARN_OBJC_IMPLICIT_RETAIN_SELF = YES;
				CLANG_WARN_OBJC_LITERAL_CONVERSION = YES;
				CLANG_WARN_OBJC_ROOT_CLASS = YES_ERROR;
				CLANG_WARN_RANGE_LOOP_ANALYSIS = YES;
				CLANG_WARN_STRICT_PROTOTYPES = YES;
				CLANG_WARN_SUSPICIOUS_MOVE = YES;
				CLANG_WARN_UNGUARDED_AVAILABILITY = YES_AGGRESSIVE;
				CLANG_WARN_UNREACHABLE_CODE = YES;
				CLANG_WARN__DUPLICATE_METHOD_MATCH = YES;
				COPY_PHASE_STRIP = NO;
				DEBUG_INFORMATION_FORMAT = "dwarf-with-dsym";
				ENABLE_NS_ASSERTIONS = NO;
				ENABLE_STRICT_OBJC_MSGSEND = YES;
				GCC_C_LANGUAGE_STANDARD = gnu11;
				GCC_NO_COMMON_BLOCKS = YES;
				GCC_WARN_64_TO_32_BIT_CONVERSION = YES;
				GCC_WARN_ABOUT_RETURN_TYPE = YES_ERROR;
				GCC_WARN_UNDECLARED_SELECTOR = YES;
				GCC_WARN_UNINITIALIZED_AUTOS = YES_AGGRESSIVE;
				GCC_WARN_UNUSED_FUNCTION = YES;
				GCC_WARN_UNUSED_VARIABLE = YES;
				IPHONEOS_DEPLOYMENT_TARGET = 13.2;
				MTL_ENABLE_DEBUG_INFO = NO;
				MTL_FAST_MATH = YES;
				SDKROOT = iphoneos;
				SWIFT_COMPILATION_MODE = wholemodule;
				SWIFT_OPTIMIZATION_LEVEL = "-O";
				VALIDATE_PRODUCT = YES;
			};
			name = Release;
		};
		A9A165FB24254BF200F9CDF5 /* Debug */ = {
			isa = XCBuildConfiguration;
			buildSettings = {
				ASSETCATALOG_COMPILER_APPICON_NAME = AppIcon;
				CODE_SIGN_STYLE = Automatic;
				DEVELOPMENT_TEAM = DB2ZMVAF33;
				INFOPLIST_FILE = Pensamentos/Info.plist;
				LD_RUNPATH_SEARCH_PATHS = (
					"$(inherited)",
					"@executable_path/Frameworks",
				);
				PRODUCT_BUNDLE_IDENTIFIER = com.rafaelmelo.Pensamentos;
				PRODUCT_NAME = "$(TARGET_NAME)";
				SWIFT_VERSION = 5.0;
				TARGETED_DEVICE_FAMILY = 1;
			};
			name = Debug;
		};
		A9A165FC24254BF200F9CDF5 /* Release */ = {
			isa = XCBuildConfiguration;
			buildSettings = {
				ASSETCATALOG_COMPILER_APPICON_NAME = AppIcon;
				CODE_SIGN_STYLE = Automatic;
				DEVELOPMENT_TEAM = DB2ZMVAF33;
				INFOPLIST_FILE = Pensamentos/Info.plist;
				LD_RUNPATH_SEARCH_PATHS = (
					"$(inherited)",
					"@executable_path/Frameworks",
				);
				PRODUCT_BUNDLE_IDENTIFIER = com.rafaelmelo.Pensamentos;
				PRODUCT_NAME = "$(TARGET_NAME)";
				SWIFT_VERSION = 5.0;
				TARGETED_DEVICE_FAMILY = 1;
			};
			name = Release;
		};
/* End XCBuildConfiguration section */

/* Begin XCConfigurationList section */
		A9A165E124254BF100F9CDF5 /* Build configuration list for PBXProject "Pensamentos" */ = {
			isa = XCConfigurationList;
			buildConfigurations = (
				A9A165F824254BF200F9CDF5 /* Debug */,
				A9A165F924254BF200F9CDF5 /* Release */,
			);
			defaultConfigurationIsVisible = 0;
			defaultConfigurationName = Release;
		};
		A9A165FA24254BF200F9CDF5 /* Build configuration list for PBXNativeTarget "Pensamentos" */ = {
			isa = XCConfigurationList;
			buildConfigurations = (
				A9A165FB24254BF200F9CDF5 /* Debug */,
				A9A165FC24254BF200F9CDF5 /* Release */,
			);
			defaultConfigurationIsVisible = 0;
			defaultConfigurationName = Release;
		};
/* End XCConfigurationList section */
	};
	rootObject = A9A165DE24254BF100F9CDF5 /* Project object */;
}
